// !$*UTF8*$!
{
	archiveVersion = 1;
	classes = {
	};
	objectVersion = 46;
	objects = {

/* Begin PBXBuildFile section */
		40A85C76197BA43500061944 /* AppDelegate.swift in Sources */ = {isa = PBXBuildFile; fileRef = 40A85C75197BA43500061944 /* AppDelegate.swift */; };
		40A85C78197BA43500061944 /* ViewController.swift in Sources */ = {isa = PBXBuildFile; fileRef = 40A85C77197BA43500061944 /* ViewController.swift */; };
		40A85C7B197BA43500061944 /* Main.storyboard in Resources */ = {isa = PBXBuildFile; fileRef = 40A85C79197BA43500061944 /* Main.storyboard */; };
		40A85C7D197BA43500061944 /* Images.xcassets in Resources */ = {isa = PBXBuildFile; fileRef = 40A85C7C197BA43500061944 /* Images.xcassets */; };
		40A85C89197BA43500061944 /* Email_NotificationsTests.swift in Sources */ = {isa = PBXBuildFile; fileRef = 40A85C88197BA43500061944 /* Email_NotificationsTests.swift */; };
		40A85C97197BA4D500061944 /* GTMOAuth2Authentication.m in Sources */ = {isa = PBXBuildFile; fileRef = 40A85C94197BA4D500061944 /* GTMOAuth2Authentication.m */; settings = {COMPILER_FLAGS = "-fno-objc-arc"; }; };
		40A85C98197BA4D500061944 /* GTMOAuth2SignIn.m in Sources */ = {isa = PBXBuildFile; fileRef = 40A85C96197BA4D500061944 /* GTMOAuth2SignIn.m */; settings = {COMPILER_FLAGS = "-fno-objc-arc"; }; };
		40A85C9C197BA4DF00061944 /* GTMOAuth2ViewControllerTouch.m in Sources */ = {isa = PBXBuildFile; fileRef = 40A85C9A197BA4DF00061944 /* GTMOAuth2ViewControllerTouch.m */; settings = {COMPILER_FLAGS = "-fno-objc-arc"; }; };
		40A85C9D197BA4DF00061944 /* GTMOAuth2ViewTouch.xib in Resources */ = {isa = PBXBuildFile; fileRef = 40A85C9B197BA4DF00061944 /* GTMOAuth2ViewTouch.xib */; };
		40A85CA0197BA4F000061944 /* GTMHTTPFetcher.m in Sources */ = {isa = PBXBuildFile; fileRef = 40A85C9F197BA4F000061944 /* GTMHTTPFetcher.m */; settings = {COMPILER_FLAGS = "-fno-objc-arc"; }; };
		40A85CA3197BA50000061944 /* Security.framework in Frameworks */ = {isa = PBXBuildFile; fileRef = 40A85CA2197BA50000061944 /* Security.framework */; };
		40A85CA5197BA50700061944 /* SystemConfiguration.framework in Frameworks */ = {isa = PBXBuildFile; fileRef = 40A85CA4197BA50700061944 /* SystemConfiguration.framework */; };
		40A85CA7197BAC0400061944 /* Parse.framework in Frameworks */ = {isa = PBXBuildFile; fileRef = 40A85CA6197BAC0400061944 /* Parse.framework */; };
		40A85CA9197BAC1100061944 /* AudioToolbox.framework in Frameworks */ = {isa = PBXBuildFile; fileRef = 40A85CA8197BAC1100061944 /* AudioToolbox.framework */; };
		40A85CAB197BAC1500061944 /* CFNetwork.framework in Frameworks */ = {isa = PBXBuildFile; fileRef = 40A85CAA197BAC1500061944 /* CFNetwork.framework */; };
		40A85CAD197BAC1800061944 /* CoreGraphics.framework in Frameworks */ = {isa = PBXBuildFile; fileRef = 40A85CAC197BAC1800061944 /* CoreGraphics.framework */; };
		40A85CAF197BAC1D00061944 /* CoreLocation.framework in Frameworks */ = {isa = PBXBuildFile; fileRef = 40A85CAE197BAC1D00061944 /* CoreLocation.framework */; };
		40A85CB1197BAC2200061944 /* libz.dylib in Frameworks */ = {isa = PBXBuildFile; fileRef = 40A85CB0197BAC2200061944 /* libz.dylib */; };
		40A85CB3197BAC2700061944 /* MobileCoreServices.framework in Frameworks */ = {isa = PBXBuildFile; fileRef = 40A85CB2197BAC2700061944 /* MobileCoreServices.framework */; };
		40A85CB5197BAC2C00061944 /* QuartzCore.framework in Frameworks */ = {isa = PBXBuildFile; fileRef = 40A85CB4197BAC2C00061944 /* QuartzCore.framework */; };
		40A85CB7197BAC3000061944 /* StoreKit.framework in Frameworks */ = {isa = PBXBuildFile; fileRef = 40A85CB6197BAC3000061944 /* StoreKit.framework */; };
/* End PBXBuildFile section */

/* Begin PBXContainerItemProxy section */
		40A85C83197BA43500061944 /* PBXContainerItemProxy */ = {
			isa = PBXContainerItemProxy;
			containerPortal = 40A85C68197BA43500061944 /* Project object */;
			proxyType = 1;
			remoteGlobalIDString = 40A85C6F197BA43500061944;
			remoteInfo = "Email-Notifications";
		};
/* End PBXContainerItemProxy section */

/* Begin PBXFileReference section */
		40A85C70197BA43500061944 /* Email-Notifications.app */ = {isa = PBXFileReference; explicitFileType = wrapper.application; includeInIndex = 0; path = "Email-Notifications.app"; sourceTree = BUILT_PRODUCTS_DIR; };
		40A85C74197BA43500061944 /* Info.plist */ = {isa = PBXFileReference; lastKnownFileType = text.plist.xml; path = Info.plist; sourceTree = "<group>"; };
		40A85C75197BA43500061944 /* AppDelegate.swift */ = {isa = PBXFileReference; lastKnownFileType = sourcecode.swift; path = AppDelegate.swift; sourceTree = "<group>"; };
		40A85C77197BA43500061944 /* ViewController.swift */ = {isa = PBXFileReference; lastKnownFileType = sourcecode.swift; path = ViewController.swift; sourceTree = "<group>"; };
		40A85C7A197BA43500061944 /* Base */ = {isa = PBXFileReference; lastKnownFileType = file.storyboard; name = Base; path = Base.lproj/Main.storyboard; sourceTree = "<group>"; };
		40A85C7C197BA43500061944 /* Images.xcassets */ = {isa = PBXFileReference; lastKnownFileType = folder.assetcatalog; path = Images.xcassets; sourceTree = "<group>"; };
		40A85C82197BA43500061944 /* Email-NotificationsTests.xctest */ = {isa = PBXFileReference; explicitFileType = wrapper.cfbundle; includeInIndex = 0; path = "Email-NotificationsTests.xctest"; sourceTree = BUILT_PRODUCTS_DIR; };
		40A85C87197BA43500061944 /* Info.plist */ = {isa = PBXFileReference; lastKnownFileType = text.plist.xml; path = Info.plist; sourceTree = "<group>"; };
		40A85C88197BA43500061944 /* Email_NotificationsTests.swift */ = {isa = PBXFileReference; lastKnownFileType = sourcecode.swift; path = Email_NotificationsTests.swift; sourceTree = "<group>"; };
		40A85C92197BA4D500061944 /* Email-Notifications-Bridging-Header.h */ = {isa = PBXFileReference; lastKnownFileType = sourcecode.c.h; path = "Email-Notifications-Bridging-Header.h"; sourceTree = "<group>"; };
		40A85C93197BA4D500061944 /* GTMOAuth2Authentication.h */ = {isa = PBXFileReference; fileEncoding = 4; lastKnownFileType = sourcecode.c.h; path = GTMOAuth2Authentication.h; sourceTree = "<group>"; };
		40A85C94197BA4D500061944 /* GTMOAuth2Authentication.m */ = {isa = PBXFileReference; fileEncoding = 4; lastKnownFileType = sourcecode.c.objc; path = GTMOAuth2Authentication.m; sourceTree = "<group>"; };
		40A85C95197BA4D500061944 /* GTMOAuth2SignIn.h */ = {isa = PBXFileReference; fileEncoding = 4; lastKnownFileType = sourcecode.c.h; path = GTMOAuth2SignIn.h; sourceTree = "<group>"; };
		40A85C96197BA4D500061944 /* GTMOAuth2SignIn.m */ = {isa = PBXFileReference; fileEncoding = 4; lastKnownFileType = sourcecode.c.objc; path = GTMOAuth2SignIn.m; sourceTree = "<group>"; };
		40A85C99197BA4DF00061944 /* GTMOAuth2ViewControllerTouch.h */ = {isa = PBXFileReference; fileEncoding = 4; lastKnownFileType = sourcecode.c.h; path = GTMOAuth2ViewControllerTouch.h; sourceTree = "<group>"; };
		40A85C9A197BA4DF00061944 /* GTMOAuth2ViewControllerTouch.m */ = {isa = PBXFileReference; fileEncoding = 4; lastKnownFileType = sourcecode.c.objc; path = GTMOAuth2ViewControllerTouch.m; sourceTree = "<group>"; };
		40A85C9B197BA4DF00061944 /* GTMOAuth2ViewTouch.xib */ = {isa = PBXFileReference; fileEncoding = 4; lastKnownFileType = file.xib; path = GTMOAuth2ViewTouch.xib; sourceTree = "<group>"; };
		40A85C9E197BA4F000061944 /* GTMHTTPFetcher.h */ = {isa = PBXFileReference; fileEncoding = 4; lastKnownFileType = sourcecode.c.h; path = GTMHTTPFetcher.h; sourceTree = "<group>"; };
		40A85C9F197BA4F000061944 /* GTMHTTPFetcher.m */ = {isa = PBXFileReference; fileEncoding = 4; lastKnownFileType = sourcecode.c.objc; path = GTMHTTPFetcher.m; sourceTree = "<group>"; };
		40A85CA2197BA50000061944 /* Security.framework */ = {isa = PBXFileReference; lastKnownFileType = wrapper.framework; name = Security.framework; path = System/Library/Frameworks/Security.framework; sourceTree = SDKROOT; };
		40A85CA4197BA50700061944 /* SystemConfiguration.framework */ = {isa = PBXFileReference; lastKnownFileType = wrapper.framework; name = SystemConfiguration.framework; path = System/Library/Frameworks/SystemConfiguration.framework; sourceTree = SDKROOT; };
		40A85CA6197BAC0400061944 /* Parse.framework */ = {isa = PBXFileReference; lastKnownFileType = wrapper.framework; path = Parse.framework; sourceTree = "<group>"; };
		40A85CA8197BAC1100061944 /* AudioToolbox.framework */ = {isa = PBXFileReference; lastKnownFileType = wrapper.framework; name = AudioToolbox.framework; path = System/Library/Frameworks/AudioToolbox.framework; sourceTree = SDKROOT; };
		40A85CAA197BAC1500061944 /* CFNetwork.framework */ = {isa = PBXFileReference; lastKnownFileType = wrapper.framework; name = CFNetwork.framework; path = System/Library/Frameworks/CFNetwork.framework; sourceTree = SDKROOT; };
		40A85CAC197BAC1800061944 /* CoreGraphics.framework */ = {isa = PBXFileReference; lastKnownFileType = wrapper.framework; name = CoreGraphics.framework; path = System/Library/Frameworks/CoreGraphics.framework; sourceTree = SDKROOT; };
		40A85CAE197BAC1D00061944 /* CoreLocation.framework */ = {isa = PBXFileReference; lastKnownFileType = wrapper.framework; name = CoreLocation.framework; path = System/Library/Frameworks/CoreLocation.framework; sourceTree = SDKROOT; };
		40A85CB0197BAC2200061944 /* libz.dylib */ = {isa = PBXFileReference; lastKnownFileType = "compiled.mach-o.dylib"; name = libz.dylib; path = usr/lib/libz.dylib; sourceTree = SDKROOT; };
		40A85CB2197BAC2700061944 /* MobileCoreServices.framework */ = {isa = PBXFileReference; lastKnownFileType = wrapper.framework; name = MobileCoreServices.framework; path = System/Library/Frameworks/MobileCoreServices.framework; sourceTree = SDKROOT; };
		40A85CB4197BAC2C00061944 /* QuartzCore.framework */ = {isa = PBXFileReference; lastKnownFileType = wrapper.framework; name = QuartzCore.framework; path = System/Library/Frameworks/QuartzCore.framework; sourceTree = SDKROOT; };
		40A85CB6197BAC3000061944 /* StoreKit.framework */ = {isa = PBXFileReference; lastKnownFileType = wrapper.framework; name = StoreKit.framework; path = System/Library/Frameworks/StoreKit.framework; sourceTree = SDKROOT; };
/* End PBXFileReference section */

/* Begin PBXFrameworksBuildPhase section */
		40A85C6D197BA43500061944 /* Frameworks */ = {
			isa = PBXFrameworksBuildPhase;
			buildActionMask = 2147483647;
			files = (
				40A85CB7197BAC3000061944 /* StoreKit.framework in Frameworks */,
				40A85CB5197BAC2C00061944 /* QuartzCore.framework in Frameworks */,
				40A85CB3197BAC2700061944 /* MobileCoreServices.framework in Frameworks */,
				40A85CB1197BAC2200061944 /* libz.dylib in Frameworks */,
				40A85CAF197BAC1D00061944 /* CoreLocation.framework in Frameworks */,
				40A85CAD197BAC1800061944 /* CoreGraphics.framework in Frameworks */,
				40A85CAB197BAC1500061944 /* CFNetwork.framework in Frameworks */,
				40A85CA9197BAC1100061944 /* AudioToolbox.framework in Frameworks */,
				40A85CA5197BA50700061944 /* SystemConfiguration.framework in Frameworks */,
				40A85CA7197BAC0400061944 /* Parse.framework in Frameworks */,
				40A85CA3197BA50000061944 /* Security.framework in Frameworks */,
			);
			runOnlyForDeploymentPostprocessing = 0;
		};
		40A85C7F197BA43500061944 /* Frameworks */ = {
			isa = PBXFrameworksBuildPhase;
			buildActionMask = 2147483647;
			files = (
			);
			runOnlyForDeploymentPostprocessing = 0;
		};
/* End PBXFrameworksBuildPhase section */

/* Begin PBXGroup section */
		40A85C67197BA43500061944 = {
			isa = PBXGroup;
			children = (
				40A85CB6197BAC3000061944 /* StoreKit.framework */,
				40A85CB4197BAC2C00061944 /* QuartzCore.framework */,
				40A85CB2197BAC2700061944 /* MobileCoreServices.framework */,
				40A85CB0197BAC2200061944 /* libz.dylib */,
				40A85CAE197BAC1D00061944 /* CoreLocation.framework */,
				40A85CAC197BAC1800061944 /* CoreGraphics.framework */,
				40A85CAA197BAC1500061944 /* CFNetwork.framework */,
				40A85CA8197BAC1100061944 /* AudioToolbox.framework */,
				40A85CA6197BAC0400061944 /* Parse.framework */,
				40A85CA4197BA50700061944 /* SystemConfiguration.framework */,
				40A85CA2197BA50000061944 /* Security.framework */,
				40A85C72197BA43500061944 /* Email-Notifications */,
				40A85C85197BA43500061944 /* Email-NotificationsTests */,
				40A85C71197BA43500061944 /* Products */,
			);
			sourceTree = "<group>";
		};
		40A85C71197BA43500061944 /* Products */ = {
			isa = PBXGroup;
			children = (
				40A85C70197BA43500061944 /* Email-Notifications.app */,
				40A85C82197BA43500061944 /* Email-NotificationsTests.xctest */,
			);
			name = Products;
			sourceTree = "<group>";
		};
		40A85C72197BA43500061944 /* Email-Notifications */ = {
			isa = PBXGroup;
			children = (
				40A85CA1197BA4F400061944 /* GTMO */,
				40A85C75197BA43500061944 /* AppDelegate.swift */,
				40A85C77197BA43500061944 /* ViewController.swift */,
				40A85C79197BA43500061944 /* Main.storyboard */,
				40A85C7C197BA43500061944 /* Images.xcassets */,
				40A85C73197BA43500061944 /* Supporting Files */,
				40A85C92197BA4D500061944 /* Email-Notifications-Bridging-Header.h */,
			);
			path = "Email-Notifications";
			sourceTree = "<group>";
		};
		40A85C73197BA43500061944 /* Supporting Files */ = {
			isa = PBXGroup;
			children = (
				40A85C74197BA43500061944 /* Info.plist */,
			);
			name = "Supporting Files";
			sourceTree = "<group>";
		};
		40A85C85197BA43500061944 /* Email-NotificationsTests */ = {
			isa = PBXGroup;
			children = (
				40A85C88197BA43500061944 /* Email_NotificationsTests.swift */,
				40A85C86197BA43500061944 /* Supporting Files */,
			);
			path = "Email-NotificationsTests";
			sourceTree = "<group>";
		};
		40A85C86197BA43500061944 /* Supporting Files */ = {
			isa = PBXGroup;
			children = (
				40A85C87197BA43500061944 /* Info.plist */,
			);
			name = "Supporting Files";
			sourceTree = "<group>";
		};
		40A85CA1197BA4F400061944 /* GTMO */ = {
			isa = PBXGroup;
			children = (
				40A85C9E197BA4F000061944 /* GTMHTTPFetcher.h */,
				40A85C9F197BA4F000061944 /* GTMHTTPFetcher.m */,
				40A85C99197BA4DF00061944 /* GTMOAuth2ViewControllerTouch.h */,
				40A85C9A197BA4DF00061944 /* GTMOAuth2ViewControllerTouch.m */,
				40A85C9B197BA4DF00061944 /* GTMOAuth2ViewTouch.xib */,
				40A85C93197BA4D500061944 /* GTMOAuth2Authentication.h */,
				40A85C94197BA4D500061944 /* GTMOAuth2Authentication.m */,
				40A85C95197BA4D500061944 /* GTMOAuth2SignIn.h */,
				40A85C96197BA4D500061944 /* GTMOAuth2SignIn.m */,
			);
			name = GTMO;
			sourceTree = "<group>";
		};
/* End PBXGroup section */

/* Begin PBXNativeTarget section */
		40A85C6F197BA43500061944 /* Email-Notifications */ = {
			isa = PBXNativeTarget;
			buildConfigurationList = 40A85C8C197BA43500061944 /* Build configuration list for PBXNativeTarget "Email-Notifications" */;
			buildPhases = (
				40A85C6C197BA43500061944 /* Sources */,
				40A85C6D197BA43500061944 /* Frameworks */,
				40A85C6E197BA43500061944 /* Resources */,
			);
			buildRules = (
			);
			dependencies = (
			);
			name = "Email-Notifications";
			productName = "Email-Notifications";
			productReference = 40A85C70197BA43500061944 /* Email-Notifications.app */;
			productType = "com.apple.product-type.application";
		};
		40A85C81197BA43500061944 /* Email-NotificationsTests */ = {
			isa = PBXNativeTarget;
			buildConfigurationList = 40A85C8F197BA43500061944 /* Build configuration list for PBXNativeTarget "Email-NotificationsTests" */;
			buildPhases = (
				40A85C7E197BA43500061944 /* Sources */,
				40A85C7F197BA43500061944 /* Frameworks */,
				40A85C80197BA43500061944 /* Resources */,
			);
			buildRules = (
			);
			dependencies = (
				40A85C84197BA43500061944 /* PBXTargetDependency */,
			);
			name = "Email-NotificationsTests";
			productName = "Email-NotificationsTests";
			productReference = 40A85C82197BA43500061944 /* Email-NotificationsTests.xctest */;
			productType = "com.apple.product-type.bundle.unit-test";
		};
/* End PBXNativeTarget section */

/* Begin PBXProject section */
		40A85C68197BA43500061944 /* Project object */ = {
			isa = PBXProject;
			attributes = {
				LastUpgradeCheck = 0600;
				ORGANIZATIONNAME = "Matthew Arbesfeld";
				TargetAttributes = {
					40A85C6F197BA43500061944 = {
						CreatedOnToolsVersion = 6.0;
						DevelopmentTeam = YLEHRJ86G2;
					};
					40A85C81197BA43500061944 = {
						CreatedOnToolsVersion = 6.0;
						TestTargetID = 40A85C6F197BA43500061944;
					};
				};
			};
			buildConfigurationList = 40A85C6B197BA43500061944 /* Build configuration list for PBXProject "Email-Notifications" */;
			compatibilityVersion = "Xcode 3.2";
			developmentRegion = English;
			hasScannedForEncodings = 0;
			knownRegions = (
				en,
				Base,
			);
			mainGroup = 40A85C67197BA43500061944;
			productRefGroup = 40A85C71197BA43500061944 /* Products */;
			projectDirPath = "";
			projectRoot = "";
			targets = (
				40A85C6F197BA43500061944 /* Email-Notifications */,
				40A85C81197BA43500061944 /* Email-NotificationsTests */,
			);
		};
/* End PBXProject section */

/* Begin PBXResourcesBuildPhase section */
		40A85C6E197BA43500061944 /* Resources */ = {
			isa = PBXResourcesBuildPhase;
			buildActionMask = 2147483647;
			files = (
				40A85C9D197BA4DF00061944 /* GTMOAuth2ViewTouch.xib in Resources */,
				40A85C7B197BA43500061944 /* Main.storyboard in Resources */,
				40A85C7D197BA43500061944 /* Images.xcassets in Resources */,
			);
			runOnlyForDeploymentPostprocessing = 0;
		};
		40A85C80197BA43500061944 /* Resources */ = {
			isa = PBXResourcesBuildPhase;
			buildActionMask = 2147483647;
			files = (
			);
			runOnlyForDeploymentPostprocessing = 0;
		};
/* End PBXResourcesBuildPhase section */

/* Begin PBXSourcesBuildPhase section */
		40A85C6C197BA43500061944 /* Sources */ = {
			isa = PBXSourcesBuildPhase;
			buildActionMask = 2147483647;
			files = (
				40A85CA0197BA4F000061944 /* GTMHTTPFetcher.m in Sources */,
				40A85C97197BA4D500061944 /* GTMOAuth2Authentication.m in Sources */,
				40A85C78197BA43500061944 /* ViewController.swift in Sources */,
				40A85C76197BA43500061944 /* AppDelegate.swift in Sources */,
				40A85C98197BA4D500061944 /* GTMOAuth2SignIn.m in Sources */,
				40A85C9C197BA4DF00061944 /* GTMOAuth2ViewControllerTouch.m in Sources */,
			);
			runOnlyForDeploymentPostprocessing = 0;
		};
		40A85C7E197BA43500061944 /* Sources */ = {
			isa = PBXSourcesBuildPhase;
			buildActionMask = 2147483647;
			files = (
				40A85C89197BA43500061944 /* Email_NotificationsTests.swift in Sources */,
			);
			runOnlyForDeploymentPostprocessing = 0;
		};
/* End PBXSourcesBuildPhase section */

/* Begin PBXTargetDependency section */
		40A85C84197BA43500061944 /* PBXTargetDependency */ = {
			isa = PBXTargetDependency;
			target = 40A85C6F197BA43500061944 /* Email-Notifications */;
			targetProxy = 40A85C83197BA43500061944 /* PBXContainerItemProxy */;
		};
/* End PBXTargetDependency section */

/* Begin PBXVariantGroup section */
		40A85C79197BA43500061944 /* Main.storyboard */ = {
			isa = PBXVariantGroup;
			children = (
				40A85C7A197BA43500061944 /* Base */,
			);
			name = Main.storyboard;
			sourceTree = "<group>";
		};
/* End PBXVariantGroup section */

/* Begin XCBuildConfiguration section */
		40A85C8A197BA43500061944 /* Debug */ = {
			isa = XCBuildConfiguration;
			buildSettings = {
				ALWAYS_SEARCH_USER_PATHS = NO;
				CLANG_CXX_LANGUAGE_STANDARD = "gnu++0x";
				CLANG_CXX_LIBRARY = "libc++";
				CLANG_ENABLE_MODULES = YES;
				CLANG_ENABLE_OBJC_ARC = YES;
				CLANG_WARN_BOOL_CONVERSION = YES;
				CLANG_WARN_CONSTANT_CONVERSION = YES;
				CLANG_WARN_DIRECT_OBJC_ISA_USAGE = YES_ERROR;
				CLANG_WARN_EMPTY_BODY = YES;
				CLANG_WARN_ENUM_CONVERSION = YES;
				CLANG_WARN_INT_CONVERSION = YES;
				CLANG_WARN_OBJC_ROOT_CLASS = YES_ERROR;
				CLANG_WARN_UNREACHABLE_CODE = YES;
				CLANG_WARN__DUPLICATE_METHOD_MATCH = YES;
				"CODE_SIGN_IDENTITY[sdk=iphoneos*]" = "iPhone Developer";
				COPY_PHASE_STRIP = NO;
				ENABLE_STRICT_OBJC_MSGSEND = YES;
				GCC_C_LANGUAGE_STANDARD = gnu99;
				GCC_DYNAMIC_NO_PIC = NO;
				GCC_OPTIMIZATION_LEVEL = 0;
				GCC_PREPROCESSOR_DEFINITIONS = (
					"DEBUG=1",
					"$(inherited)",
				);
				GCC_SYMBOLS_PRIVATE_EXTERN = NO;
				GCC_WARN_64_TO_32_BIT_CONVERSION = YES;
				GCC_WARN_ABOUT_RETURN_TYPE = YES_ERROR;
				GCC_WARN_UNDECLARED_SELECTOR = YES;
				GCC_WARN_UNINITIALIZED_AUTOS = YES_AGGRESSIVE;
				GCC_WARN_UNUSED_FUNCTION = YES;
				GCC_WARN_UNUSED_VARIABLE = YES;
				IPHONEOS_DEPLOYMENT_TARGET = 8.0;
				MTL_ENABLE_DEBUG_INFO = YES;
				ONLY_ACTIVE_ARCH = YES;
				SDKROOT = iphoneos;
				SWIFT_OPTIMIZATION_LEVEL = "-Onone";
				TARGETED_DEVICE_FAMILY = "1,2";
			};
			name = Debug;
		};
		40A85C8B197BA43500061944 /* Release */ = {
			isa = XCBuildConfiguration;
			buildSettings = {
				ALWAYS_SEARCH_USER_PATHS = NO;
				CLANG_CXX_LANGUAGE_STANDARD = "gnu++0x";
				CLANG_CXX_LIBRARY = "libc++";
				CLANG_ENABLE_MODULES = YES;
				CLANG_ENABLE_OBJC_ARC = YES;
				CLANG_WARN_BOOL_CONVERSION = YES;
				CLANG_WARN_CONSTANT_CONVERSION = YES;
				CLANG_WARN_DIRECT_OBJC_ISA_USAGE = YES_ERROR;
				CLANG_WARN_EMPTY_BODY = YES;
				CLANG_WARN_ENUM_CONVERSION = YES;
				CLANG_WARN_INT_CONVERSION = YES;
				CLANG_WARN_OBJC_ROOT_CLASS = YES_ERROR;
				CLANG_WARN_UNREACHABLE_CODE = YES;
				CLANG_WARN__DUPLICATE_METHOD_MATCH = YES;
				"CODE_SIGN_IDENTITY[sdk=iphoneos*]" = "iPhone Developer";
				COPY_PHASE_STRIP = YES;
				ENABLE_NS_ASSERTIONS = NO;
				ENABLE_STRICT_OBJC_MSGSEND = YES;
				GCC_C_LANGUAGE_STANDARD = gnu99;
				GCC_WARN_64_TO_32_BIT_CONVERSION = YES;
				GCC_WARN_ABOUT_RETURN_TYPE = YES_ERROR;
				GCC_WARN_UNDECLARED_SELECTOR = YES;
				GCC_WARN_UNINITIALIZED_AUTOS = YES_AGGRESSIVE;
				GCC_WARN_UNUSED_FUNCTION = YES;
				GCC_WARN_UNUSED_VARIABLE = YES;
				IPHONEOS_DEPLOYMENT_TARGET = 8.0;
				MTL_ENABLE_DEBUG_INFO = NO;
				SDKROOT = iphoneos;
				TARGETED_DEVICE_FAMILY = "1,2";
				VALIDATE_PRODUCT = YES;
			};
			name = Release;
		};
		40A85C8D197BA43500061944 /* Debug */ = {
			isa = XCBuildConfiguration;
			buildSettings = {
				ASSETCATALOG_COMPILER_APPICON_NAME = AppIcon;
				ASSETCATALOG_COMPILER_LAUNCHIMAGE_NAME = LaunchImage;
				CLANG_ENABLE_MODULES = YES;
				CODE_SIGN_IDENTITY = "iPhone Developer";
				FRAMEWORK_SEARCH_PATHS = (
					"$(inherited)",
					"$(PROJECT_DIR)",
				);
				INFOPLIST_FILE = "Email-Notifications/Info.plist";
				LD_RUNPATH_SEARCH_PATHS = "$(inherited) @executable_path/Frameworks";
				PRODUCT_NAME = "$(TARGET_NAME)";
				SWIFT_OBJC_BRIDGING_HEADER = "Email-Notifications/Email-Notifications-Bridging-Header.h";
				SWIFT_OPTIMIZATION_LEVEL = "-Onone";
			};
			name = Debug;
		};
		40A85C8E197BA43500061944 /* Release */ = {
			isa = XCBuildConfiguration;
			buildSettings = {
				ASSETCATALOG_COMPILER_APPICON_NAME = AppIcon;
				ASSETCATALOG_COMPILER_LAUNCHIMAGE_NAME = LaunchImage;
				CLANG_ENABLE_MODULES = YES;
				CODE_SIGN_IDENTITY = "iPhone Developer";
				FRAMEWORK_SEARCH_PATHS = (
					"$(inherited)",
					"$(PROJECT_DIR)",
				);
				INFOPLIST_FILE = "Email-Notifications/Info.plist";
				LD_RUNPATH_SEARCH_PATHS = "$(inherited) @executable_path/Frameworks";
				PRODUCT_NAME = "$(TARGET_NAME)";
				SWIFT_OBJC_BRIDGING_HEADER = "Email-Notifications/Email-Notifications-Bridging-Header.h";
			};
			name = Release;
		};
		40A85C90197BA43500061944 /* Debug */ = {
			isa = XCBuildConfiguration;
			buildSettings = {
				BUNDLE_LOADER = "$(BUILT_PRODUCTS_DIR)/Email-Notifications.app/Email-Notifications";
				FRAMEWORK_SEARCH_PATHS = (
					"$(SDKROOT)/Developer/Library/Frameworks",
					"$(inherited)",
				);
				GCC_PREPROCESSOR_DEFINITIONS = (
					"DEBUG=1",
					"$(inherited)",
				);
				INFOPLIST_FILE = "Email-NotificationsTests/Info.plist";
				LD_RUNPATH_SEARCH_PATHS = "$(inherited) @executable_path/Frameworks @loader_path/Frameworks";
				PRODUCT_NAME = "$(TARGET_NAME)";
				TEST_HOST = "$(BUNDLE_LOADER)";
			};
			name = Debug;
		};
		40A85C91197BA43500061944 /* Release */ = {
			isa = XCBuildConfiguration;
			buildSettings = {
				BUNDLE_LOADER = "$(BUILT_PRODUCTS_DIR)/Email-Notifications.app/Email-Notifications";
				FRAMEWORK_SEARCH_PATHS = (
					"$(SDKROOT)/Developer/Library/Frameworks",
					"$(inherited)",
				);
				INFOPLIST_FILE = "Email-NotificationsTests/Info.plist";
				LD_RUNPATH_SEARCH_PATHS = "$(inherited) @executable_path/Frameworks @loader_path/Frameworks";
				PRODUCT_NAME = "$(TARGET_NAME)";
				TEST_HOST = "$(BUNDLE_LOADER)";
			};
			name = Release;
		};
/* End XCBuildConfiguration section */

/* Begin XCConfigurationList section */
		40A85C6B197BA43500061944 /* Build configuration list for PBXProject "Email-Notifications" */ = {
			isa = XCConfigurationList;
			buildConfigurations = (
				40A85C8A197BA43500061944 /* Debug */,
				40A85C8B197BA43500061944 /* Release */,
			);
			defaultConfigurationIsVisible = 0;
			defaultConfigurationName = Release;
		};
		40A85C8C197BA43500061944 /* Build configuration list for PBXNativeTarget "Email-Notifications" */ = {
			isa = XCConfigurationList;
			buildConfigurations = (
				40A85C8D197BA43500061944 /* Debug */,
				40A85C8E197BA43500061944 /* Release */,
			);
			defaultConfigurationIsVisible = 0;
			defaultConfigurationName = Release;
		};
		40A85C8F197BA43500061944 /* Build configuration list for PBXNativeTarget "Email-NotificationsTests" */ = {
			isa = XCConfigurationList;
			buildConfigurations = (
				40A85C90197BA43500061944 /* Debug */,
				40A85C91197BA43500061944 /* Release */,
			);
			defaultConfigurationIsVisible = 0;
			defaultConfigurationName = Release;
		};
/* End XCConfigurationList section */
	};
	rootObject = 40A85C68197BA43500061944 /* Project object */;
}
